github.com/dietsche/rfsnotify v0.0.0-20200716145600-b37be6e4177f h1:b3QvpXLSx1U13VM79rSkA+6Xv4lmT/urEMzA36Yma0U=
github.com/dietsche/rfsnotify v0.0.0-20200716145600-b37be6e4177f/go.mod h1:ztitxkMUaBsHRey1tS5xFCd4gm/zAQwA9yfCP5y4cAA=
github.com/fsnotify/fsnotify v1.6.0 h1:n+5WquG0fcWoWp6xPWfHdbskMCQaFnG6PfBrh1Ky4HY=
github.com/fsnotify/fsnotify v1.6.0/go.mod h1:sl3t1tCWJFWoRz9R8WJCbQihKKwmorjAbSClcnxKAGw=
github.com/lainio/err2 v0.9.1 h1:jbqO2TVyQXnruI1w2/dI8NdPjzq+7+ApCFe4uSjLjZ4=
github.com/lainio/err2 v0.9.1/go.mod h1:glTVV2qNFbBy6WzZFDP2G5BqMiZI58cudp588cEgCuM=
golang.org/x/exp v0.0.0-20230105202349-8879d0199aa3 h1:fJwx88sMf5RXwDwziL0/Mn9Wqs+efMSo/RYcL+37W9c=
golang.org/x/exp v0.0.0-20230105202349-8879d0199aa3/go.mod h1:CxIveKay+FTh1D0yPZemJVgC/95VzuuOLq5Qi4xnoYc=
golang.org/x/mod v0.10.0 h1:lFO9qtOdlre5W1jxS3r/4szv2/6iXxScdzjoBMXNhYk=
golang.org/x/sys v0.0.0-20220908164124-27713097b956/go.mod h1:oPkhp1MJrh7nUepCBck5+mAzfO9JrbApNNgaTdGDITg=
golang.org/x/sys v0.9.0 h1:KS/R3tvhPqvJvwcKfnBHJwwthS11LRhmM5D59eEXa0s=
golang.org/x/sys v0.9.0/go.mod h1:oPkhp1MJrh7nUepCBck5+mAzfO9JrbApNNgaTdGDITg=
golang.org/x/tools v0.9.3 h1:Gn1I8+64MsuTb/HpH+LmQtNas23LhUVr3rYZ0eKuaMM=
golang.org/x/tools v0.9.3/go.mod h1:owI94Op576fPu3cIGQeHs3joujW/2Oc6MtlxbF5dfNc=
gopkg.in/fsnotify.v1 v1.4.7 h1:xOHLXZwVvI9hhs+cLKq5+I5onOuwQLhQwiu63xxlHs4=
gopkg.in/fsnotify.v1 v1.4.7/go.mod h1:Tz8NjZHkW78fSQdbUxIjBTcgA1z1m8ZHf0WmKUhAMys=
